
Microsoft Visual Studio Solution File, Format Version 12.00
# Visual Studio Version 17
VisualStudioVersion = 17.9.34728.123
MinimumVisualStudioVersion = 10.0.40219.1
Project("{FAE04EC0-301F-11D3-BF4B-00C04F79EFBC}") = "WpfApp4", "WpfApp4\WpfApp4.csproj", "{0F9C8812-2E13-43FD-91EF-7EF22AB98D44}"
EndProject
Global
	GlobalSection(SolutionConfigurationPlatforms) = preSolution
		Debug|Any CPU = Debug|Any CPU
		Release|Any CPU = Release|Any CPU
	EndGlobalSection
	GlobalSection(ProjectConfigurationPlatforms) = postSolution
		{0F9C8812-2E13-43FD-91EF-7EF22AB98D44}.Debug|Any CPU.ActiveCfg = Debug|Any CPU
		{0F9C8812-2E13-43FD-91EF-7EF22AB98D44}.Debug|Any CPU.Build.0 = Debug|Any CPU
		{0F9C8812-2E13-43FD-91EF-7EF22AB98D44}.Release|Any CPU.ActiveCfg = Release|Any CPU
		{0F9C8812-2E13-43FD-91EF-7EF22AB98D44}.Release|Any CPU.Build.0 = Release|Any CPU
	EndGlobalSection
	GlobalSection(SolutionProperties) = preSolution
		HideSolutionNode = FALSE
	EndGlobalSection
	GlobalSection(ExtensibilityGlobals) = postSolution
		SolutionGuid = {72B9B5F9-64C8-4403-AA9D-7A2FF551597E}
	EndGlobalSection
EndGlobal
